
Microsoft Visual Studio Solution File, Format Version 10.00
# Visual C# Express 2008
Project("{FAE04EC0-301F-11D3-BF4B-00C04F79EFBC}") = "MFConsoleApplication1_Hello", "MFConsoleApplication1_Hello\MFConsoleApplication1_Hello.csproj", "{C83239FF-4B14-4BB9-BCCD-F14031BF0DC5}"
EndProject
Global
	GlobalSection(SolutionConfigurationPlatforms) = preSolution
		Debug|Any CPU = Debug|Any CPU
		Release|Any CPU = Release|Any CPU
	EndGlobalSection
	GlobalSection(ProjectConfigurationPlatforms) = postSolution
		{C83239FF-4B14-4BB9-BCCD-F14031BF0DC5}.Debug|Any CPU.ActiveCfg = Debug|Any CPU
		{C83239FF-4B14-4BB9-BCCD-F14031BF0DC5}.Debug|Any CPU.Build.0 = Debug|Any CPU
		{C83239FF-4B14-4BB9-BCCD-F14031BF0DC5}.Debug|Any CPU.Deploy.0 = Debug|Any CPU
		{C83239FF-4B14-4BB9-BCCD-F14031BF0DC5}.Release|Any CPU.ActiveCfg = Release|Any CPU
		{C83239FF-4B14-4BB9-BCCD-F14031BF0DC5}.Release|Any CPU.Build.0 = Release|Any CPU
		{C83239FF-4B14-4BB9-BCCD-F14031BF0DC5}.Release|Any CPU.Deploy.0 = Release|Any CPU
	EndGlobalSection
	GlobalSection(SolutionProperties) = preSolution
		HideSolutionNode = FALSE
	EndGlobalSection
EndGlobal
