
Microsoft Visual Studio Solution File, Format Version 12.00
# Visual Studio 2012
Project("{FAE04EC0-301F-11D3-BF4B-00C04F79EFBC}") = "Radio Signal Meter", "Radio Signal Meter\Radio Signal Meter.csproj", "{19A74B53-1292-4D0A-8324-CC35E9EEBD42}"
EndProject
Project("{FAE04EC0-301F-11D3-BF4B-00C04F79EFBC}") = "Utility", "Utility\Utility.csproj", "{5B6677DD-C4C1-4C12-A954-1B6C5B59CE7D}"
EndProject
Global
	GlobalSection(SolutionConfigurationPlatforms) = preSolution
		ADA Long Range|Any CPU = ADA Long Range|Any CPU
		Debug|Any CPU = Debug|Any CPU
		Long-Range Radio|Any CPU = Long-Range Radio|Any CPU
		On-Board Radio|Any CPU = On-Board Radio|Any CPU
		Release|Any CPU = Release|Any CPU
	EndGlobalSection
	GlobalSection(ProjectConfigurationPlatforms) = postSolution
		{19A74B53-1292-4D0A-8324-CC35E9EEBD42}.ADA Long Range|Any CPU.ActiveCfg = ADA Long Range|Any CPU
		{19A74B53-1292-4D0A-8324-CC35E9EEBD42}.ADA Long Range|Any CPU.Build.0 = ADA Long Range|Any CPU
		{19A74B53-1292-4D0A-8324-CC35E9EEBD42}.ADA Long Range|Any CPU.Deploy.0 = ADA Long Range|Any CPU
		{19A74B53-1292-4D0A-8324-CC35E9EEBD42}.Debug|Any CPU.ActiveCfg = Debug|Any CPU
		{19A74B53-1292-4D0A-8324-CC35E9EEBD42}.Debug|Any CPU.Build.0 = Debug|Any CPU
		{19A74B53-1292-4D0A-8324-CC35E9EEBD42}.Debug|Any CPU.Deploy.0 = Debug|Any CPU
		{19A74B53-1292-4D0A-8324-CC35E9EEBD42}.Long-Range Radio|Any CPU.ActiveCfg = Long-Range Radio|Any CPU
		{19A74B53-1292-4D0A-8324-CC35E9EEBD42}.Long-Range Radio|Any CPU.Build.0 = Long-Range Radio|Any CPU
		{19A74B53-1292-4D0A-8324-CC35E9EEBD42}.Long-Range Radio|Any CPU.Deploy.0 = Long-Range Radio|Any CPU
		{19A74B53-1292-4D0A-8324-CC35E9EEBD42}.On-Board Radio|Any CPU.ActiveCfg = On-Board Radio|Any CPU
		{19A74B53-1292-4D0A-8324-CC35E9EEBD42}.On-Board Radio|Any CPU.Build.0 = On-Board Radio|Any CPU
		{19A74B53-1292-4D0A-8324-CC35E9EEBD42}.On-Board Radio|Any CPU.Deploy.0 = On-Board Radio|Any CPU
		{19A74B53-1292-4D0A-8324-CC35E9EEBD42}.Release|Any CPU.ActiveCfg = Release|Any CPU
		{19A74B53-1292-4D0A-8324-CC35E9EEBD42}.Release|Any CPU.Build.0 = Release|Any CPU
		{19A74B53-1292-4D0A-8324-CC35E9EEBD42}.Release|Any CPU.Deploy.0 = Release|Any CPU
		{5B6677DD-C4C1-4C12-A954-1B6C5B59CE7D}.ADA Long Range|Any CPU.ActiveCfg = ADA Long Range|Any CPU
		{5B6677DD-C4C1-4C12-A954-1B6C5B59CE7D}.ADA Long Range|Any CPU.Build.0 = ADA Long Range|Any CPU
		{5B6677DD-C4C1-4C12-A954-1B6C5B59CE7D}.Debug|Any CPU.ActiveCfg = Debug|Any CPU
		{5B6677DD-C4C1-4C12-A954-1B6C5B59CE7D}.Debug|Any CPU.Build.0 = Debug|Any CPU
		{5B6677DD-C4C1-4C12-A954-1B6C5B59CE7D}.Long-Range Radio|Any CPU.ActiveCfg = Long-Range Radio|Any CPU
		{5B6677DD-C4C1-4C12-A954-1B6C5B59CE7D}.Long-Range Radio|Any CPU.Build.0 = Long-Range Radio|Any CPU
		{5B6677DD-C4C1-4C12-A954-1B6C5B59CE7D}.On-Board Radio|Any CPU.ActiveCfg = On-Board Radio|Any CPU
		{5B6677DD-C4C1-4C12-A954-1B6C5B59CE7D}.On-Board Radio|Any CPU.Build.0 = On-Board Radio|Any CPU
		{5B6677DD-C4C1-4C12-A954-1B6C5B59CE7D}.Release|Any CPU.ActiveCfg = Release|Any CPU
		{5B6677DD-C4C1-4C12-A954-1B6C5B59CE7D}.Release|Any CPU.Build.0 = Release|Any CPU
	EndGlobalSection
	GlobalSection(SolutionProperties) = preSolution
		HideSolutionNode = FALSE
	EndGlobalSection
EndGlobal
