
Microsoft Visual Studio Solution File, Format Version 12.00
# Visual Studio 2012
Project("{FAE04EC0-301F-11D3-BF4B-00C04F79EFBC}") = "CSMA Radio Ping-Pong [N]", "CSMA Radio Ping-Pong [N]\CSMA Radio Ping-Pong [N].csproj", "{19A74B53-1292-4D0A-8324-CC35E9EEBD42}"
EndProject
Project("{FAE04EC0-301F-11D3-BF4B-00C04F79EFBC}") = "Utility", "Utility\Utility.csproj", "{5BFD1782-75AC-441D-B622-8BCE0DBB3622}"
EndProject
Global
	GlobalSection(SolutionConfigurationPlatforms) = preSolution
		CD_ROM|Any CPU = CD_ROM|Any CPU
		Debug|Any CPU = Debug|Any CPU
		DVD-5|Any CPU = DVD-5|Any CPU
		Release|Any CPU = Release|Any CPU
		SingleImage|Any CPU = SingleImage|Any CPU
	EndGlobalSection
	GlobalSection(ProjectConfigurationPlatforms) = postSolution
		{19A74B53-1292-4D0A-8324-CC35E9EEBD42}.CD_ROM|Any CPU.ActiveCfg = Release|Any CPU
		{19A74B53-1292-4D0A-8324-CC35E9EEBD42}.CD_ROM|Any CPU.Build.0 = Release|Any CPU
		{19A74B53-1292-4D0A-8324-CC35E9EEBD42}.CD_ROM|Any CPU.Deploy.0 = Release|Any CPU
		{19A74B53-1292-4D0A-8324-CC35E9EEBD42}.Debug|Any CPU.ActiveCfg = Debug|Any CPU
		{19A74B53-1292-4D0A-8324-CC35E9EEBD42}.Debug|Any CPU.Build.0 = Debug|Any CPU
		{19A74B53-1292-4D0A-8324-CC35E9EEBD42}.Debug|Any CPU.Deploy.0 = Debug|Any CPU
		{19A74B53-1292-4D0A-8324-CC35E9EEBD42}.DVD-5|Any CPU.ActiveCfg = Debug|Any CPU
		{19A74B53-1292-4D0A-8324-CC35E9EEBD42}.DVD-5|Any CPU.Build.0 = Debug|Any CPU
		{19A74B53-1292-4D0A-8324-CC35E9EEBD42}.DVD-5|Any CPU.Deploy.0 = Debug|Any CPU
		{19A74B53-1292-4D0A-8324-CC35E9EEBD42}.Release|Any CPU.ActiveCfg = Release|Any CPU
		{19A74B53-1292-4D0A-8324-CC35E9EEBD42}.Release|Any CPU.Build.0 = Release|Any CPU
		{19A74B53-1292-4D0A-8324-CC35E9EEBD42}.Release|Any CPU.Deploy.0 = Release|Any CPU
		{19A74B53-1292-4D0A-8324-CC35E9EEBD42}.SingleImage|Any CPU.ActiveCfg = Release|Any CPU
		{19A74B53-1292-4D0A-8324-CC35E9EEBD42}.SingleImage|Any CPU.Build.0 = Release|Any CPU
		{19A74B53-1292-4D0A-8324-CC35E9EEBD42}.SingleImage|Any CPU.Deploy.0 = Release|Any CPU
		{5BFD1782-75AC-441D-B622-8BCE0DBB3622}.CD_ROM|Any CPU.ActiveCfg = Release|Any CPU
		{5BFD1782-75AC-441D-B622-8BCE0DBB3622}.CD_ROM|Any CPU.Build.0 = Release|Any CPU
		{5BFD1782-75AC-441D-B622-8BCE0DBB3622}.Debug|Any CPU.ActiveCfg = Debug|Any CPU
		{5BFD1782-75AC-441D-B622-8BCE0DBB3622}.Debug|Any CPU.Build.0 = Debug|Any CPU
		{5BFD1782-75AC-441D-B622-8BCE0DBB3622}.DVD-5|Any CPU.ActiveCfg = Debug|Any CPU
		{5BFD1782-75AC-441D-B622-8BCE0DBB3622}.DVD-5|Any CPU.Build.0 = Debug|Any CPU
		{5BFD1782-75AC-441D-B622-8BCE0DBB3622}.Release|Any CPU.ActiveCfg = Release|Any CPU
		{5BFD1782-75AC-441D-B622-8BCE0DBB3622}.Release|Any CPU.Build.0 = Release|Any CPU
		{5BFD1782-75AC-441D-B622-8BCE0DBB3622}.SingleImage|Any CPU.ActiveCfg = Release|Any CPU
		{5BFD1782-75AC-441D-B622-8BCE0DBB3622}.SingleImage|Any CPU.Build.0 = Release|Any CPU
	EndGlobalSection
	GlobalSection(SolutionProperties) = preSolution
		HideSolutionNode = FALSE
	EndGlobalSection
EndGlobal
