
Microsoft Visual Studio Solution File, Format Version 11.00
# Visual C# Express 2010
Project("{FAE04EC0-301F-11D3-BF4B-00C04F79EFBC}") = "MFConsoleApplication1_mlACDTest", "MFConsoleApplication1_mlACDTest\MFConsoleApplication1_mlACDTest.csproj", "{83981C98-CC9E-4B93-BC0B-C467C7F2F29B}"
EndProject
Global
	GlobalSection(SolutionConfigurationPlatforms) = preSolution
		Debug|Any CPU = Debug|Any CPU
		Release|Any CPU = Release|Any CPU
	EndGlobalSection
	GlobalSection(ProjectConfigurationPlatforms) = postSolution
		{83981C98-CC9E-4B93-BC0B-C467C7F2F29B}.Debug|Any CPU.ActiveCfg = Debug|Any CPU
		{83981C98-CC9E-4B93-BC0B-C467C7F2F29B}.Debug|Any CPU.Build.0 = Debug|Any CPU
		{83981C98-CC9E-4B93-BC0B-C467C7F2F29B}.Debug|Any CPU.Deploy.0 = Debug|Any CPU
		{83981C98-CC9E-4B93-BC0B-C467C7F2F29B}.Release|Any CPU.ActiveCfg = Release|Any CPU
		{83981C98-CC9E-4B93-BC0B-C467C7F2F29B}.Release|Any CPU.Build.0 = Release|Any CPU
		{83981C98-CC9E-4B93-BC0B-C467C7F2F29B}.Release|Any CPU.Deploy.0 = Release|Any CPU
	EndGlobalSection
	GlobalSection(SolutionProperties) = preSolution
		HideSolutionNode = FALSE
	EndGlobalSection
EndGlobal
