
Microsoft Visual Studio Solution File, Format Version 10.00
# Visual C# Express 2008
Project("{FAE04EC0-301F-11D3-BF4B-00C04F79EFBC}") = "MFConsoleApplication1_mlMicrophonePhysicalApp", "MFConsoleApplication1_mlMicrophonePhysicalApp\MFConsoleApplication1_mlMicrophonePhysicalApp.csproj", "{55514519-BD91-4AD0-ACFB-3B811E743654}"
EndProject
Global
	GlobalSection(SolutionConfigurationPlatforms) = preSolution
		Debug|Any CPU = Debug|Any CPU
		Release|Any CPU = Release|Any CPU
	EndGlobalSection
	GlobalSection(ProjectConfigurationPlatforms) = postSolution
		{55514519-BD91-4AD0-ACFB-3B811E743654}.Debug|Any CPU.ActiveCfg = Debug|Any CPU
		{55514519-BD91-4AD0-ACFB-3B811E743654}.Debug|Any CPU.Build.0 = Debug|Any CPU
		{55514519-BD91-4AD0-ACFB-3B811E743654}.Debug|Any CPU.Deploy.0 = Debug|Any CPU
		{55514519-BD91-4AD0-ACFB-3B811E743654}.Release|Any CPU.ActiveCfg = Release|Any CPU
		{55514519-BD91-4AD0-ACFB-3B811E743654}.Release|Any CPU.Build.0 = Release|Any CPU
		{55514519-BD91-4AD0-ACFB-3B811E743654}.Release|Any CPU.Deploy.0 = Release|Any CPU
	EndGlobalSection
	GlobalSection(SolutionProperties) = preSolution
		HideSolutionNode = FALSE
	EndGlobalSection
EndGlobal
