
Microsoft Visual Studio Solution File, Format Version 12.00
# Visual Studio Express 2012 for Windows Desktop
Project("{FAE04EC0-301F-11D3-BF4B-00C04F79EFBC}") = "RadioRx_SerialTx", "RadioRx_SerialTx\RadioRx_SerialTx.csproj", "{53F9EC62-B55C-495E-BE04-DE470B609227}"
EndProject
Global
	GlobalSection(SolutionConfigurationPlatforms) = preSolution
		Debug|Any CPU = Debug|Any CPU
		Release|Any CPU = Release|Any CPU
	EndGlobalSection
	GlobalSection(ProjectConfigurationPlatforms) = postSolution
		{53F9EC62-B55C-495E-BE04-DE470B609227}.Debug|Any CPU.ActiveCfg = Debug|Any CPU
		{53F9EC62-B55C-495E-BE04-DE470B609227}.Debug|Any CPU.Build.0 = Debug|Any CPU
		{53F9EC62-B55C-495E-BE04-DE470B609227}.Debug|Any CPU.Deploy.0 = Debug|Any CPU
		{53F9EC62-B55C-495E-BE04-DE470B609227}.Release|Any CPU.ActiveCfg = Release|Any CPU
		{53F9EC62-B55C-495E-BE04-DE470B609227}.Release|Any CPU.Build.0 = Release|Any CPU
		{53F9EC62-B55C-495E-BE04-DE470B609227}.Release|Any CPU.Deploy.0 = Release|Any CPU
	EndGlobalSection
	GlobalSection(SolutionProperties) = preSolution
		HideSolutionNode = FALSE
	EndGlobalSection
EndGlobal
