
Microsoft Visual Studio Solution File, Format Version 12.00
# Visual Studio Express 2012 for Windows Desktop
Project("{FAE04EC0-301F-11D3-BF4B-00C04F79EFBC}") = "eMotePing", "eMotePing\eMotePing.csproj", "{BD4DA306-E241-464D-8D08-7C2B83C0C5CA}"
EndProject
Global
	GlobalSection(SolutionConfigurationPlatforms) = preSolution
		Debug|Any CPU = Debug|Any CPU
		Release|Any CPU = Release|Any CPU
	EndGlobalSection
	GlobalSection(ProjectConfigurationPlatforms) = postSolution
		{BD4DA306-E241-464D-8D08-7C2B83C0C5CA}.Debug|Any CPU.ActiveCfg = Debug|Any CPU
		{BD4DA306-E241-464D-8D08-7C2B83C0C5CA}.Debug|Any CPU.Build.0 = Debug|Any CPU
		{BD4DA306-E241-464D-8D08-7C2B83C0C5CA}.Debug|Any CPU.Deploy.0 = Debug|Any CPU
		{BD4DA306-E241-464D-8D08-7C2B83C0C5CA}.Release|Any CPU.ActiveCfg = Release|Any CPU
		{BD4DA306-E241-464D-8D08-7C2B83C0C5CA}.Release|Any CPU.Build.0 = Release|Any CPU
		{BD4DA306-E241-464D-8D08-7C2B83C0C5CA}.Release|Any CPU.Deploy.0 = Release|Any CPU
	EndGlobalSection
	GlobalSection(SolutionProperties) = preSolution
		HideSolutionNode = FALSE
	EndGlobalSection
EndGlobal
