
Microsoft Visual Studio Solution File, Format Version 12.00
# Visual Studio 2013
VisualStudioVersion = 12.0.40629.0
MinimumVisualStudioVersion = 10.0.40219.1
Project("{FAE04EC0-301F-11D3-BF4B-00C04F79EFBC}") = "Node-Controller", "Node-Controller\Node-Controller.csproj", "{07CC7908-E98F-4556-BBCA-00FCD9943DEA}"
EndProject
Project("{FAE04EC0-301F-11D3-BF4B-00C04F79EFBC}") = "Node-Common", "..\Node-Common\Node-Common\Node-Common.csproj", "{BCB6C168-CB4C-4A66-9ED0-ADE99A572758}"
EndProject
Project("{FAE04EC0-301F-11D3-BF4B-00C04F79EFBC}") = "Utility", "..\Utility\Utility.csproj", "{50BDE36D-9F51-4AF5-922F-A046C9467217}"
EndProject
Global
	GlobalSection(SolutionConfigurationPlatforms) = preSolution
		Debug|Any CPU = Debug|Any CPU
		Release|Any CPU = Release|Any CPU
	EndGlobalSection
	GlobalSection(ProjectConfigurationPlatforms) = postSolution
		{07CC7908-E98F-4556-BBCA-00FCD9943DEA}.Debug|Any CPU.ActiveCfg = Debug|Any CPU
		{07CC7908-E98F-4556-BBCA-00FCD9943DEA}.Debug|Any CPU.Build.0 = Debug|Any CPU
		{07CC7908-E98F-4556-BBCA-00FCD9943DEA}.Debug|Any CPU.Deploy.0 = Debug|Any CPU
		{07CC7908-E98F-4556-BBCA-00FCD9943DEA}.Release|Any CPU.ActiveCfg = Release|Any CPU
		{07CC7908-E98F-4556-BBCA-00FCD9943DEA}.Release|Any CPU.Build.0 = Release|Any CPU
		{07CC7908-E98F-4556-BBCA-00FCD9943DEA}.Release|Any CPU.Deploy.0 = Release|Any CPU
		{BCB6C168-CB4C-4A66-9ED0-ADE99A572758}.Debug|Any CPU.ActiveCfg = Debug|Any CPU
		{BCB6C168-CB4C-4A66-9ED0-ADE99A572758}.Debug|Any CPU.Build.0 = Debug|Any CPU
		{BCB6C168-CB4C-4A66-9ED0-ADE99A572758}.Release|Any CPU.ActiveCfg = Release|Any CPU
		{BCB6C168-CB4C-4A66-9ED0-ADE99A572758}.Release|Any CPU.Build.0 = Release|Any CPU
		{50BDE36D-9F51-4AF5-922F-A046C9467217}.Debug|Any CPU.ActiveCfg = Debug|Any CPU
		{50BDE36D-9F51-4AF5-922F-A046C9467217}.Debug|Any CPU.Build.0 = Debug|Any CPU
		{50BDE36D-9F51-4AF5-922F-A046C9467217}.Release|Any CPU.ActiveCfg = Release|Any CPU
		{50BDE36D-9F51-4AF5-922F-A046C9467217}.Release|Any CPU.Build.0 = Release|Any CPU
	EndGlobalSection
	GlobalSection(SolutionProperties) = preSolution
		HideSolutionNode = FALSE
	EndGlobalSection
EndGlobal
