
Microsoft Visual Studio Solution File, Format Version 12.00
# Visual Studio Express 2012 for Windows Desktop
Project("{FAE04EC0-301F-11D3-BF4B-00C04F79EFBC}") = "SerialTx", "SerialTx\SerialTx.csproj", "{BB312424-9CD0-4FA4-B08B-59DC2952CDFB}"
EndProject
Global
	GlobalSection(SolutionConfigurationPlatforms) = preSolution
		Debug|Any CPU = Debug|Any CPU
		Release|Any CPU = Release|Any CPU
	EndGlobalSection
	GlobalSection(ProjectConfigurationPlatforms) = postSolution
		{BB312424-9CD0-4FA4-B08B-59DC2952CDFB}.Debug|Any CPU.ActiveCfg = Debug|Any CPU
		{BB312424-9CD0-4FA4-B08B-59DC2952CDFB}.Debug|Any CPU.Build.0 = Debug|Any CPU
		{BB312424-9CD0-4FA4-B08B-59DC2952CDFB}.Debug|Any CPU.Deploy.0 = Debug|Any CPU
		{BB312424-9CD0-4FA4-B08B-59DC2952CDFB}.Release|Any CPU.ActiveCfg = Release|Any CPU
		{BB312424-9CD0-4FA4-B08B-59DC2952CDFB}.Release|Any CPU.Build.0 = Release|Any CPU
		{BB312424-9CD0-4FA4-B08B-59DC2952CDFB}.Release|Any CPU.Deploy.0 = Release|Any CPU
	EndGlobalSection
	GlobalSection(SolutionProperties) = preSolution
		HideSolutionNode = FALSE
	EndGlobalSection
EndGlobal
