
Microsoft Visual Studio Solution File, Format Version 12.00
# Visual Studio 2013
VisualStudioVersion = 12.0.40629.0
MinimumVisualStudioVersion = 10.0.40219.1
Project("{FAE04EC0-301F-11D3-BF4B-00C04F79EFBC}") = "PingPongHealth", "PingPongHealth\PingPongHealth.csproj", "{27EAC285-F091-4BBA-8B90-5B4E768E87D8}"
EndProject
Project("{FAE04EC0-301F-11D3-BF4B-00C04F79EFBC}") = "Node-Common", "..\Node-Common\Node-Common\Node-Common.csproj", "{BCB6C168-CB4C-4A66-9ED0-ADE99A572758}"
EndProject
Global
	GlobalSection(SolutionConfigurationPlatforms) = preSolution
		Debug|Any CPU = Debug|Any CPU
		Release|Any CPU = Release|Any CPU
	EndGlobalSection
	GlobalSection(ProjectConfigurationPlatforms) = postSolution
		{27EAC285-F091-4BBA-8B90-5B4E768E87D8}.Debug|Any CPU.ActiveCfg = Debug|Any CPU
		{27EAC285-F091-4BBA-8B90-5B4E768E87D8}.Debug|Any CPU.Build.0 = Debug|Any CPU
		{27EAC285-F091-4BBA-8B90-5B4E768E87D8}.Debug|Any CPU.Deploy.0 = Debug|Any CPU
		{27EAC285-F091-4BBA-8B90-5B4E768E87D8}.Release|Any CPU.ActiveCfg = Release|Any CPU
		{27EAC285-F091-4BBA-8B90-5B4E768E87D8}.Release|Any CPU.Build.0 = Release|Any CPU
		{27EAC285-F091-4BBA-8B90-5B4E768E87D8}.Release|Any CPU.Deploy.0 = Release|Any CPU
		{BCB6C168-CB4C-4A66-9ED0-ADE99A572758}.Debug|Any CPU.ActiveCfg = Debug|Any CPU
		{BCB6C168-CB4C-4A66-9ED0-ADE99A572758}.Debug|Any CPU.Build.0 = Debug|Any CPU
		{BCB6C168-CB4C-4A66-9ED0-ADE99A572758}.Release|Any CPU.ActiveCfg = Release|Any CPU
		{BCB6C168-CB4C-4A66-9ED0-ADE99A572758}.Release|Any CPU.Build.0 = Release|Any CPU
	EndGlobalSection
	GlobalSection(SolutionProperties) = preSolution
		HideSolutionNode = FALSE
	EndGlobalSection
EndGlobal
