
Microsoft Visual Studio Solution File, Format Version 12.00
# Visual Studio Express 2012 for Windows Desktop
Project("{FAE04EC0-301F-11D3-BF4B-00C04F79EFBC}") = "InterruptPortTest", "InterruptPortTest\InterruptPortTest.csproj", "{19410529-9E95-4F84-802F-E0FC10BE96DE}"
EndProject
Global
	GlobalSection(SolutionConfigurationPlatforms) = preSolution
		Debug|Any CPU = Debug|Any CPU
		Release|Any CPU = Release|Any CPU
	EndGlobalSection
	GlobalSection(ProjectConfigurationPlatforms) = postSolution
		{19410529-9E95-4F84-802F-E0FC10BE96DE}.Debug|Any CPU.ActiveCfg = Debug|Any CPU
		{19410529-9E95-4F84-802F-E0FC10BE96DE}.Debug|Any CPU.Build.0 = Debug|Any CPU
		{19410529-9E95-4F84-802F-E0FC10BE96DE}.Debug|Any CPU.Deploy.0 = Debug|Any CPU
		{19410529-9E95-4F84-802F-E0FC10BE96DE}.Release|Any CPU.ActiveCfg = Release|Any CPU
		{19410529-9E95-4F84-802F-E0FC10BE96DE}.Release|Any CPU.Build.0 = Release|Any CPU
		{19410529-9E95-4F84-802F-E0FC10BE96DE}.Release|Any CPU.Deploy.0 = Release|Any CPU
	EndGlobalSection
	GlobalSection(SolutionProperties) = preSolution
		HideSolutionNode = FALSE
	EndGlobalSection
EndGlobal
