
Microsoft Visual Studio Solution File, Format Version 12.00
# Visual Studio 2012
Project("{FAE04EC0-301F-11D3-BF4B-00C04F79EFBC}") = "Radar Data Exfiltrator - Mote", "Radar Data Exfiltrator - Mote\Radar Data Exfiltrator - Mote.csproj", "{6B3A5756-1A5B-4975-AC1B-37FA4831E489}"
EndProject
Project("{FAE04EC0-301F-11D3-BF4B-00C04F79EFBC}") = "Utility", "Utility\Utility.csproj", "{8DF8174A-6014-4C24-A4E9-0FAC321C7A48}"
EndProject
Global
	GlobalSection(SolutionConfigurationPlatforms) = preSolution
		Debug|Any CPU = Debug|Any CPU
		Release|Any CPU = Release|Any CPU
	EndGlobalSection
	GlobalSection(ProjectConfigurationPlatforms) = postSolution
		{6B3A5756-1A5B-4975-AC1B-37FA4831E489}.Debug|Any CPU.ActiveCfg = Debug|Any CPU
		{6B3A5756-1A5B-4975-AC1B-37FA4831E489}.Debug|Any CPU.Build.0 = Debug|Any CPU
		{6B3A5756-1A5B-4975-AC1B-37FA4831E489}.Debug|Any CPU.Deploy.0 = Debug|Any CPU
		{6B3A5756-1A5B-4975-AC1B-37FA4831E489}.Release|Any CPU.ActiveCfg = Release|Any CPU
		{6B3A5756-1A5B-4975-AC1B-37FA4831E489}.Release|Any CPU.Build.0 = Release|Any CPU
		{6B3A5756-1A5B-4975-AC1B-37FA4831E489}.Release|Any CPU.Deploy.0 = Release|Any CPU
		{8DF8174A-6014-4C24-A4E9-0FAC321C7A48}.Debug|Any CPU.ActiveCfg = Debug|Any CPU
		{8DF8174A-6014-4C24-A4E9-0FAC321C7A48}.Debug|Any CPU.Build.0 = Debug|Any CPU
		{8DF8174A-6014-4C24-A4E9-0FAC321C7A48}.Release|Any CPU.ActiveCfg = Release|Any CPU
		{8DF8174A-6014-4C24-A4E9-0FAC321C7A48}.Release|Any CPU.Build.0 = Release|Any CPU
	EndGlobalSection
	GlobalSection(SolutionProperties) = preSolution
		HideSolutionNode = FALSE
	EndGlobalSection
EndGlobal
