
Microsoft Visual Studio Solution File, Format Version 12.00
# Visual Studio 2012
Project("{FAE04EC0-301F-11D3-BF4B-00C04F79EFBC}") = "Bumblebee_Displacement_Detector PC", "Bumblebee_Displacement_Detector PC\Bumblebee_Displacement_Detector PC.csproj", "{8BC04427-2630-43B1-9EB1-9F9637432C94}"
EndProject
Project("{FAE04EC0-301F-11D3-BF4B-00C04F79EFBC}") = "Utility", "Utility\Utility.csproj", "{DA2D77D1-6036-4843-A4B2-4FDC28821177}"
EndProject
Project("{FAE04EC0-301F-11D3-BF4B-00C04F79EFBC}") = "Globals", "Globals\Globals.csproj", "{2CE15B72-3482-4693-9E35-67C25424BDFA}"
EndProject
Global
	GlobalSection(SolutionConfigurationPlatforms) = preSolution
		Debug|Any CPU = Debug|Any CPU
		Release|Any CPU = Release|Any CPU
	EndGlobalSection
	GlobalSection(ProjectConfigurationPlatforms) = postSolution
		{8BC04427-2630-43B1-9EB1-9F9637432C94}.Debug|Any CPU.ActiveCfg = Debug|Any CPU
		{8BC04427-2630-43B1-9EB1-9F9637432C94}.Debug|Any CPU.Build.0 = Debug|Any CPU
		{8BC04427-2630-43B1-9EB1-9F9637432C94}.Release|Any CPU.ActiveCfg = Release|Any CPU
		{8BC04427-2630-43B1-9EB1-9F9637432C94}.Release|Any CPU.Build.0 = Release|Any CPU
		{DA2D77D1-6036-4843-A4B2-4FDC28821177}.Debug|Any CPU.ActiveCfg = Debug|Any CPU
		{DA2D77D1-6036-4843-A4B2-4FDC28821177}.Debug|Any CPU.Build.0 = Debug|Any CPU
		{DA2D77D1-6036-4843-A4B2-4FDC28821177}.Release|Any CPU.ActiveCfg = Release|Any CPU
		{DA2D77D1-6036-4843-A4B2-4FDC28821177}.Release|Any CPU.Build.0 = Release|Any CPU
		{2CE15B72-3482-4693-9E35-67C25424BDFA}.Debug|Any CPU.ActiveCfg = Debug|Any CPU
		{2CE15B72-3482-4693-9E35-67C25424BDFA}.Debug|Any CPU.Build.0 = Debug|Any CPU
		{2CE15B72-3482-4693-9E35-67C25424BDFA}.Release|Any CPU.ActiveCfg = Release|Any CPU
		{2CE15B72-3482-4693-9E35-67C25424BDFA}.Release|Any CPU.Build.0 = Release|Any CPU
	EndGlobalSection
	GlobalSection(SolutionProperties) = preSolution
		HideSolutionNode = FALSE
	EndGlobalSection
EndGlobal
