
Microsoft Visual Studio Solution File, Format Version 12.00
# Visual Studio 2012
Project("{FAE04EC0-301F-11D3-BF4B-00C04F79EFBC}") = "Test COM2 (Chris Pgm)", "Test COM2 (Chris Pgm)\Test COM2 (Chris Pgm).csproj", "{1A34CB97-ADFF-45D1-B2DA-E7BFC8F5B6DB}"
EndProject
Global
	GlobalSection(SolutionConfigurationPlatforms) = preSolution
		Debug|Any CPU = Debug|Any CPU
		Release|Any CPU = Release|Any CPU
	EndGlobalSection
	GlobalSection(ProjectConfigurationPlatforms) = postSolution
		{1A34CB97-ADFF-45D1-B2DA-E7BFC8F5B6DB}.Debug|Any CPU.ActiveCfg = Debug|Any CPU
		{1A34CB97-ADFF-45D1-B2DA-E7BFC8F5B6DB}.Debug|Any CPU.Build.0 = Debug|Any CPU
		{1A34CB97-ADFF-45D1-B2DA-E7BFC8F5B6DB}.Debug|Any CPU.Deploy.0 = Debug|Any CPU
		{1A34CB97-ADFF-45D1-B2DA-E7BFC8F5B6DB}.Release|Any CPU.ActiveCfg = Release|Any CPU
		{1A34CB97-ADFF-45D1-B2DA-E7BFC8F5B6DB}.Release|Any CPU.Build.0 = Release|Any CPU
		{1A34CB97-ADFF-45D1-B2DA-E7BFC8F5B6DB}.Release|Any CPU.Deploy.0 = Release|Any CPU
	EndGlobalSection
	GlobalSection(SolutionProperties) = preSolution
		HideSolutionNode = FALSE
	EndGlobalSection
EndGlobal
