
Microsoft Visual Studio Solution File, Format Version 12.00
# Visual Studio 2012
Project("{FAE04EC0-301F-11D3-BF4B-00C04F79EFBC}") = "LDC Base Station", "LDC Base Station\LDC Base Station.csproj", "{7BB663B9-8ED2-4C90-B34F-02E0DF43F7EC}"
	ProjectSection(ProjectDependencies) = postProject
		{3F1E84C4-E463-43C7-9832-9479880F1B9D} = {3F1E84C4-E463-43C7-9832-9479880F1B9D}
	EndProjectSection
EndProject
Project("{FAE04EC0-301F-11D3-BF4B-00C04F79EFBC}") = "Common", "..\Common\Common\Common.csproj", "{3F1E84C4-E463-43C7-9832-9479880F1B9D}"
EndProject
Project("{FAE04EC0-301F-11D3-BF4B-00C04F79EFBC}") = "Utility", "..\Utility\Utility.csproj", "{6E835B78-92DB-4562-995E-A0D26C745306}"
EndProject
Global
	GlobalSection(SolutionConfigurationPlatforms) = preSolution
		Debug|Any CPU = Debug|Any CPU
		Release|Any CPU = Release|Any CPU
	EndGlobalSection
	GlobalSection(ProjectConfigurationPlatforms) = postSolution
		{7BB663B9-8ED2-4C90-B34F-02E0DF43F7EC}.Debug|Any CPU.ActiveCfg = Debug|Any CPU
		{7BB663B9-8ED2-4C90-B34F-02E0DF43F7EC}.Debug|Any CPU.Build.0 = Debug|Any CPU
		{7BB663B9-8ED2-4C90-B34F-02E0DF43F7EC}.Debug|Any CPU.Deploy.0 = Debug|Any CPU
		{7BB663B9-8ED2-4C90-B34F-02E0DF43F7EC}.Release|Any CPU.ActiveCfg = Release|Any CPU
		{7BB663B9-8ED2-4C90-B34F-02E0DF43F7EC}.Release|Any CPU.Build.0 = Release|Any CPU
		{7BB663B9-8ED2-4C90-B34F-02E0DF43F7EC}.Release|Any CPU.Deploy.0 = Release|Any CPU
		{3F1E84C4-E463-43C7-9832-9479880F1B9D}.Debug|Any CPU.ActiveCfg = Debug|Any CPU
		{3F1E84C4-E463-43C7-9832-9479880F1B9D}.Debug|Any CPU.Build.0 = Debug|Any CPU
		{3F1E84C4-E463-43C7-9832-9479880F1B9D}.Release|Any CPU.ActiveCfg = Release|Any CPU
		{3F1E84C4-E463-43C7-9832-9479880F1B9D}.Release|Any CPU.Build.0 = Release|Any CPU
		{6E835B78-92DB-4562-995E-A0D26C745306}.Debug|Any CPU.ActiveCfg = Debug|Any CPU
		{6E835B78-92DB-4562-995E-A0D26C745306}.Debug|Any CPU.Build.0 = Debug|Any CPU
		{6E835B78-92DB-4562-995E-A0D26C745306}.Release|Any CPU.ActiveCfg = Release|Any CPU
		{6E835B78-92DB-4562-995E-A0D26C745306}.Release|Any CPU.Build.0 = Release|Any CPU
	EndGlobalSection
	GlobalSection(SolutionProperties) = preSolution
		HideSolutionNode = FALSE
	EndGlobalSection
EndGlobal
