
Microsoft Visual Studio Solution File, Format Version 12.00
# Visual Studio Express 2012 for Windows Desktop
Project("{FAE04EC0-301F-11D3-BF4B-00C04F79EFBC}") = "AdaptADCTest", "AdaptADCTest\AdaptADCTest.csproj", "{275DDC93-BF1D-4214-884E-B6052F1E7434}"
EndProject
Global
	GlobalSection(SolutionConfigurationPlatforms) = preSolution
		Debug|Any CPU = Debug|Any CPU
		Release|Any CPU = Release|Any CPU
	EndGlobalSection
	GlobalSection(ProjectConfigurationPlatforms) = postSolution
		{275DDC93-BF1D-4214-884E-B6052F1E7434}.Debug|Any CPU.ActiveCfg = Debug|Any CPU
		{275DDC93-BF1D-4214-884E-B6052F1E7434}.Debug|Any CPU.Build.0 = Debug|Any CPU
		{275DDC93-BF1D-4214-884E-B6052F1E7434}.Release|Any CPU.ActiveCfg = Release|Any CPU
		{275DDC93-BF1D-4214-884E-B6052F1E7434}.Release|Any CPU.Build.0 = Release|Any CPU
	EndGlobalSection
	GlobalSection(SolutionProperties) = preSolution
		HideSolutionNode = FALSE
	EndGlobalSection
EndGlobal
